
Microsoft Visual Studio Solution File, Format Version 12.00
# Visual Studio Version 17
VisualStudioVersion = 17.7.34031.279
MinimumVisualStudioVersion = 10.0.40219.1
Project("{2150E333-8FDC-42A3-9474-1A3956D46DE8}") = "Task2", "Task2", "{D2B96287-7F3D-4147-B396-7B3D87725FB5}"
EndProject
Project("{FAE04EC0-301F-11D3-BF4B-00C04F79EFBC}") = "Tyuiu.AlmukhametovTI.Sprint1.Task2.V30", "Tyuiu.AlmukhametovTI.Sprint1.Task2.V30\Tyuiu.AlmukhametovTI.Sprint1.Task2.V30.csproj", "{5C5469F9-3862-4BB7-92C5-BAB5EA8D4FD0}"
EndProject
Project("{FAE04EC0-301F-11D3-BF4B-00C04F79EFBC}") = "Tyuiu.AlmukhametovTI.Sprint1.Task2.V30.Lib", "Tyuiu.AlmukhametovTI.Sprint1.Task2.V30.Lib\Tyuiu.AlmukhametovTI.Sprint1.Task2.V30.Lib.csproj", "{0D9B676F-686E-4377-B0FB-B0258B162DD1}"
EndProject
Project("{FAE04EC0-301F-11D3-BF4B-00C04F79EFBC}") = "Tyuiu.AlmukhametovTI.Sprint1.Task2.V30.Test", "Tyuiu.AlmukhametovTI.Sprint1.Task2.V30.Test\Tyuiu.AlmukhametovTI.Sprint1.Task2.V30.Test.csproj", "{DDF880D8-5AE9-4E5D-B489-713C7B895FE6}"
EndProject
Project("{2150E333-8FDC-42A3-9474-1A3956D46DE8}") = "Task3", "Task3", "{D2A41BC8-47F2-475E-A8BB-2F0A22C41DAC}"
EndProject
Project("{FAE04EC0-301F-11D3-BF4B-00C04F79EFBC}") = "Tyuiu.AlmukhametovTI.Sprint1.Task3.V3", "Tyuiu.AlmukhametovTI.Sprint1.Task3.V3\Tyuiu.AlmukhametovTI.Sprint1.Task3.V3.csproj", "{7184F207-A8AE-48E4-B284-68E472E67B94}"
EndProject
Project("{FAE04EC0-301F-11D3-BF4B-00C04F79EFBC}") = "Tyuiu.AlmukhametovTI.Sprint1.Task3.V3.Lib", "Tyuiu.AlmukhametovTI.Sprint1.Task3.V3.Lib\Tyuiu.AlmukhametovTI.Sprint1.Task3.V3.Lib.csproj", "{7BEA1FEA-FA23-4FDE-9B27-DA137D5A9694}"
EndProject
Project("{FAE04EC0-301F-11D3-BF4B-00C04F79EFBC}") = "Tyuiu.AlmukhametovTI.Sprint1.Task3.Test", "Tyuiu.AlmukhametovTI.Sprint1.Task3.Test\Tyuiu.AlmukhametovTI.Sprint1.Task3.Test.csproj", "{00A56EB9-0B9C-46F7-8AAB-8FF9C12A8593}"
EndProject
Project("{FAE04EC0-301F-11D3-BF4B-00C04F79EFBC}") = "Tyuiu.AlmukhametovTI.Sprint1.Task3.V3.Test", "Tyuiu.AlmukhametovTI.Sprint1.Task3.V3.Test\Tyuiu.AlmukhametovTI.Sprint1.Task3.V3.Test.csproj", "{A8657E67-DAE1-401D-BE63-68D938E0EAB3}"
EndProject
Project("{2150E333-8FDC-42A3-9474-1A3956D46DE8}") = "Task4", "Task4", "{5D606140-9627-47A4-AD43-3C0C4BD7FE42}"
EndProject
Project("{FAE04EC0-301F-11D3-BF4B-00C04F79EFBC}") = "Tyuiu.AlmukhametovTI.Sprint1.Task4.V20", "Tyuiu.AlmukhametovTI.Sprint1.Task4.V20\Tyuiu.AlmukhametovTI.Sprint1.Task4.V20.csproj", "{8EC14C94-B924-4445-B2A6-A054DF0D7ADA}"
EndProject
Project("{FAE04EC0-301F-11D3-BF4B-00C04F79EFBC}") = "Tyuiu.AlmukhametovTI.Sprint1.Task4.V20.Lib", "Tyuiu.AlmukhametovTI.Sprint1.Task4.V20.Lib\Tyuiu.AlmukhametovTI.Sprint1.Task4.V20.Lib.csproj", "{4AF0EEE6-065E-493B-B98F-1B57E12052B9}"
EndProject
Project("{FAE04EC0-301F-11D3-BF4B-00C04F79EFBC}") = "Tyuiu.AlmukhametovTI.Sprint1.Task4.V20.Test", "Tyuiu.AlmukhametovTI.Sprint1.Task4.V20.Test\Tyuiu.AlmukhametovTI.Sprint1.Task4.V20.Test.csproj", "{76ECA832-3EE4-4DFF-8338-898B31F0AD40}"
EndProject
Project("{2150E333-8FDC-42A3-9474-1A3956D46DE8}") = "Task6", "Task6", "{6049B3BA-D8F0-41D5-B82A-7A06DA384368}"
EndProject
Project("{FAE04EC0-301F-11D3-BF4B-00C04F79EFBC}") = "Tyuiu.AlmukhametovTI.Sprint1.Task6.V16", "Tyuiu.AlmukhametovTI.Sprint1.Task6.V16\Tyuiu.AlmukhametovTI.Sprint1.Task6.V16.csproj", "{483DBEB6-F68A-4348-89FB-A09CB68CD79E}"
EndProject
Project("{FAE04EC0-301F-11D3-BF4B-00C04F79EFBC}") = "Tyuiu.AlmukhametovTI.Sprint1.Task6.V16.Lib", "Tyuiu.AlmukhametovTI.Sprint1.Task6.V16.Lib\Tyuiu.AlmukhametovTI.Sprint1.Task6.V16.Lib.csproj", "{9F56F71F-9706-4265-8099-B3C44B0C3616}"
EndProject
Project("{FAE04EC0-301F-11D3-BF4B-00C04F79EFBC}") = "Tyuiu.AlmukhametovTI.Sprint1.Task6.V16.Test", "Tyuiu.AlmukhametovTI.Sprint1.Task6.V16.Test\Tyuiu.AlmukhametovTI.Sprint1.Task6.V16.Test.csproj", "{78B74ABA-1B2D-4392-A4AB-2012D507BC04}"
EndProject
Global
	GlobalSection(SolutionConfigurationPlatforms) = preSolution
		Debug|Any CPU = Debug|Any CPU
		Release|Any CPU = Release|Any CPU
	EndGlobalSection
	GlobalSection(ProjectConfigurationPlatforms) = postSolution
		{5C5469F9-3862-4BB7-92C5-BAB5EA8D4FD0}.Debug|Any CPU.ActiveCfg = Debug|Any CPU
		{5C5469F9-3862-4BB7-92C5-BAB5EA8D4FD0}.Debug|Any CPU.Build.0 = Debug|Any CPU
		{5C5469F9-3862-4BB7-92C5-BAB5EA8D4FD0}.Release|Any CPU.ActiveCfg = Release|Any CPU
		{5C5469F9-3862-4BB7-92C5-BAB5EA8D4FD0}.Release|Any CPU.Build.0 = Release|Any CPU
		{0D9B676F-686E-4377-B0FB-B0258B162DD1}.Debug|Any CPU.ActiveCfg = Debug|Any CPU
		{0D9B676F-686E-4377-B0FB-B0258B162DD1}.Debug|Any CPU.Build.0 = Debug|Any CPU
		{0D9B676F-686E-4377-B0FB-B0258B162DD1}.Release|Any CPU.ActiveCfg = Release|Any CPU
		{0D9B676F-686E-4377-B0FB-B0258B162DD1}.Release|Any CPU.Build.0 = Release|Any CPU
		{DDF880D8-5AE9-4E5D-B489-713C7B895FE6}.Debug|Any CPU.ActiveCfg = Debug|Any CPU
		{DDF880D8-5AE9-4E5D-B489-713C7B895FE6}.Debug|Any CPU.Build.0 = Debug|Any CPU
		{DDF880D8-5AE9-4E5D-B489-713C7B895FE6}.Release|Any CPU.ActiveCfg = Release|Any CPU
		{DDF880D8-5AE9-4E5D-B489-713C7B895FE6}.Release|Any CPU.Build.0 = Release|Any CPU
		{7184F207-A8AE-48E4-B284-68E472E67B94}.Debug|Any CPU.ActiveCfg = Debug|Any CPU
		{7184F207-A8AE-48E4-B284-68E472E67B94}.Debug|Any CPU.Build.0 = Debug|Any CPU
		{7184F207-A8AE-48E4-B284-68E472E67B94}.Release|Any CPU.ActiveCfg = Release|Any CPU
		{7184F207-A8AE-48E4-B284-68E472E67B94}.Release|Any CPU.Build.0 = Release|Any CPU
		{7BEA1FEA-FA23-4FDE-9B27-DA137D5A9694}.Debug|Any CPU.ActiveCfg = Debug|Any CPU
		{7BEA1FEA-FA23-4FDE-9B27-DA137D5A9694}.Debug|Any CPU.Build.0 = Debug|Any CPU
		{7BEA1FEA-FA23-4FDE-9B27-DA137D5A9694}.Release|Any CPU.ActiveCfg = Release|Any CPU
		{7BEA1FEA-FA23-4FDE-9B27-DA137D5A9694}.Release|Any CPU.Build.0 = Release|Any CPU
		{00A56EB9-0B9C-46F7-8AAB-8FF9C12A8593}.Debug|Any CPU.ActiveCfg = Debug|Any CPU
		{00A56EB9-0B9C-46F7-8AAB-8FF9C12A8593}.Debug|Any CPU.Build.0 = Debug|Any CPU
		{00A56EB9-0B9C-46F7-8AAB-8FF9C12A8593}.Release|Any CPU.ActiveCfg = Release|Any CPU
		{00A56EB9-0B9C-46F7-8AAB-8FF9C12A8593}.Release|Any CPU.Build.0 = Release|Any CPU
		{A8657E67-DAE1-401D-BE63-68D938E0EAB3}.Debug|Any CPU.ActiveCfg = Debug|Any CPU
		{A8657E67-DAE1-401D-BE63-68D938E0EAB3}.Debug|Any CPU.Build.0 = Debug|Any CPU
		{A8657E67-DAE1-401D-BE63-68D938E0EAB3}.Release|Any CPU.ActiveCfg = Release|Any CPU
		{A8657E67-DAE1-401D-BE63-68D938E0EAB3}.Release|Any CPU.Build.0 = Release|Any CPU
		{8EC14C94-B924-4445-B2A6-A054DF0D7ADA}.Debug|Any CPU.ActiveCfg = Debug|Any CPU
		{8EC14C94-B924-4445-B2A6-A054DF0D7ADA}.Debug|Any CPU.Build.0 = Debug|Any CPU
		{8EC14C94-B924-4445-B2A6-A054DF0D7ADA}.Release|Any CPU.ActiveCfg = Release|Any CPU
		{8EC14C94-B924-4445-B2A6-A054DF0D7ADA}.Release|Any CPU.Build.0 = Release|Any CPU
		{4AF0EEE6-065E-493B-B98F-1B57E12052B9}.Debug|Any CPU.ActiveCfg = Debug|Any CPU
		{4AF0EEE6-065E-493B-B98F-1B57E12052B9}.Debug|Any CPU.Build.0 = Debug|Any CPU
		{4AF0EEE6-065E-493B-B98F-1B57E12052B9}.Release|Any CPU.ActiveCfg = Release|Any CPU
		{4AF0EEE6-065E-493B-B98F-1B57E12052B9}.Release|Any CPU.Build.0 = Release|Any CPU
		{76ECA832-3EE4-4DFF-8338-898B31F0AD40}.Debug|Any CPU.ActiveCfg = Debug|Any CPU
		{76ECA832-3EE4-4DFF-8338-898B31F0AD40}.Debug|Any CPU.Build.0 = Debug|Any CPU
		{76ECA832-3EE4-4DFF-8338-898B31F0AD40}.Release|Any CPU.ActiveCfg = Release|Any CPU
		{76ECA832-3EE4-4DFF-8338-898B31F0AD40}.Release|Any CPU.Build.0 = Release|Any CPU
		{483DBEB6-F68A-4348-89FB-A09CB68CD79E}.Debug|Any CPU.ActiveCfg = Debug|Any CPU
		{483DBEB6-F68A-4348-89FB-A09CB68CD79E}.Debug|Any CPU.Build.0 = Debug|Any CPU
		{483DBEB6-F68A-4348-89FB-A09CB68CD79E}.Release|Any CPU.ActiveCfg = Release|Any CPU
		{483DBEB6-F68A-4348-89FB-A09CB68CD79E}.Release|Any CPU.Build.0 = Release|Any CPU
		{9F56F71F-9706-4265-8099-B3C44B0C3616}.Debug|Any CPU.ActiveCfg = Debug|Any CPU
		{9F56F71F-9706-4265-8099-B3C44B0C3616}.Debug|Any CPU.Build.0 = Debug|Any CPU
		{9F56F71F-9706-4265-8099-B3C44B0C3616}.Release|Any CPU.ActiveCfg = Release|Any CPU
		{9F56F71F-9706-4265-8099-B3C44B0C3616}.Release|Any CPU.Build.0 = Release|Any CPU
		{78B74ABA-1B2D-4392-A4AB-2012D507BC04}.Debug|Any CPU.ActiveCfg = Debug|Any CPU
		{78B74ABA-1B2D-4392-A4AB-2012D507BC04}.Debug|Any CPU.Build.0 = Debug|Any CPU
		{78B74ABA-1B2D-4392-A4AB-2012D507BC04}.Release|Any CPU.ActiveCfg = Release|Any CPU
		{78B74ABA-1B2D-4392-A4AB-2012D507BC04}.Release|Any CPU.Build.0 = Release|Any CPU
	EndGlobalSection
	GlobalSection(SolutionProperties) = preSolution
		HideSolutionNode = FALSE
	EndGlobalSection
	GlobalSection(NestedProjects) = preSolution
		{5C5469F9-3862-4BB7-92C5-BAB5EA8D4FD0} = {D2B96287-7F3D-4147-B396-7B3D87725FB5}
		{0D9B676F-686E-4377-B0FB-B0258B162DD1} = {D2B96287-7F3D-4147-B396-7B3D87725FB5}
		{DDF880D8-5AE9-4E5D-B489-713C7B895FE6} = {D2B96287-7F3D-4147-B396-7B3D87725FB5}
		{7184F207-A8AE-48E4-B284-68E472E67B94} = {D2A41BC8-47F2-475E-A8BB-2F0A22C41DAC}
		{7BEA1FEA-FA23-4FDE-9B27-DA137D5A9694} = {D2A41BC8-47F2-475E-A8BB-2F0A22C41DAC}
		{00A56EB9-0B9C-46F7-8AAB-8FF9C12A8593} = {D2A41BC8-47F2-475E-A8BB-2F0A22C41DAC}
		{A8657E67-DAE1-401D-BE63-68D938E0EAB3} = {D2A41BC8-47F2-475E-A8BB-2F0A22C41DAC}
		{8EC14C94-B924-4445-B2A6-A054DF0D7ADA} = {5D606140-9627-47A4-AD43-3C0C4BD7FE42}
		{4AF0EEE6-065E-493B-B98F-1B57E12052B9} = {5D606140-9627-47A4-AD43-3C0C4BD7FE42}
		{76ECA832-3EE4-4DFF-8338-898B31F0AD40} = {5D606140-9627-47A4-AD43-3C0C4BD7FE42}
		{483DBEB6-F68A-4348-89FB-A09CB68CD79E} = {6049B3BA-D8F0-41D5-B82A-7A06DA384368}
		{9F56F71F-9706-4265-8099-B3C44B0C3616} = {6049B3BA-D8F0-41D5-B82A-7A06DA384368}
		{78B74ABA-1B2D-4392-A4AB-2012D507BC04} = {6049B3BA-D8F0-41D5-B82A-7A06DA384368}
	EndGlobalSection
	GlobalSection(ExtensibilityGlobals) = postSolution
		SolutionGuid = {6127E84E-0B0E-461A-86A4-4BB9FB309468}
	EndGlobalSection
EndGlobal
